
Microsoft Visual Studio Solution File, Format Version 12.00
# Visual Studio Version 17
VisualStudioVersion = 17.7.34031.279
MinimumVisualStudioVersion = 10.0.40219.1
Project("{FAE04EC0-301F-11D3-BF4B-00C04F79EFBC}") = "GreetingWpfApp", "GreetingWpfApp.csproj", "{D06FAA1D-6BA4-4CDF-9083-AF5227C7A9AE}"
EndProject
Project("{9A19103F-16F7-4668-BE54-9A1E7A4F7556}") = "GreetingLib", "..\GreetingLib\GreetingLib.csproj", "{27007582-B6A9-4CB1-8EA4-D25ACAFC6C70}"
EndProject
Global
	GlobalSection(SolutionConfigurationPlatforms) = preSolution
		Debug|Any CPU = Debug|Any CPU
		Release|Any CPU = Release|Any CPU
	EndGlobalSection
	GlobalSection(ProjectConfigurationPlatforms) = postSolution
		{D06FAA1D-6BA4-4CDF-9083-AF5227C7A9AE}.Debug|Any CPU.ActiveCfg = Debug|Any CPU
		{D06FAA1D-6BA4-4CDF-9083-AF5227C7A9AE}.Debug|Any CPU.Build.0 = Debug|Any CPU
		{D06FAA1D-6BA4-4CDF-9083-AF5227C7A9AE}.Release|Any CPU.ActiveCfg = Release|Any CPU
		{D06FAA1D-6BA4-4CDF-9083-AF5227C7A9AE}.Release|Any CPU.Build.0 = Release|Any CPU
		{27007582-B6A9-4CB1-8EA4-D25ACAFC6C70}.Debug|Any CPU.ActiveCfg = Debug|Any CPU
		{27007582-B6A9-4CB1-8EA4-D25ACAFC6C70}.Debug|Any CPU.Build.0 = Debug|Any CPU
		{27007582-B6A9-4CB1-8EA4-D25ACAFC6C70}.Release|Any CPU.ActiveCfg = Release|Any CPU
		{27007582-B6A9-4CB1-8EA4-D25ACAFC6C70}.Release|Any CPU.Build.0 = Release|Any CPU
	EndGlobalSection
	GlobalSection(SolutionProperties) = preSolution
		HideSolutionNode = FALSE
	EndGlobalSection
	GlobalSection(ExtensibilityGlobals) = postSolution
		SolutionGuid = {3543AD3F-4A87-402D-BDA4-E409B0E0D386}
	EndGlobalSection
EndGlobal
